
Microsoft Visual Studio Solution File, Format Version 12.00
# Visual Studio Version 17
VisualStudioVersion = 17.2.32616.157
MinimumVisualStudioVersion = 10.0.40219.1
Project("{FAE04EC0-301F-11D3-BF4B-00C04F79EFBC}") = "Yamah", "Yamah.csproj", "{F95D529D-DD8F-44DE-91C2-27309AED7769}"
EndProject
Global
	GlobalSection(SolutionConfigurationPlatforms) = preSolution
		Debug|Any CPU = Debug|Any CPU
		Release|Any CPU = Release|Any CPU
	EndGlobalSection
	GlobalSection(ProjectConfigurationPlatforms) = postSolution
		{F95D529D-DD8F-44DE-91C2-27309AED7769}.Debug|Any CPU.ActiveCfg = Debug|Any CPU
		{F95D529D-DD8F-44DE-91C2-27309AED7769}.Debug|Any CPU.Build.0 = Debug|Any CPU
		{F95D529D-DD8F-44DE-91C2-27309AED7769}.Release|Any CPU.ActiveCfg = Release|Any CPU
		{F95D529D-DD8F-44DE-91C2-27309AED7769}.Release|Any CPU.Build.0 = Release|Any CPU
	EndGlobalSection
	GlobalSection(SolutionProperties) = preSolution
		HideSolutionNode = FALSE
	EndGlobalSection
	GlobalSection(ExtensibilityGlobals) = postSolution
		SolutionGuid = {67D2F84A-849D-4876-AB13-C5BF252011EA}
	EndGlobalSection
EndGlobal
